// !$*UTF8*$!
{
	archiveVersion = 1;
	classes = {
	};
	objectVersion = 50;
	objects = {

/* Begin PBXBuildFile section */
		1AC740AF25BE842F00CD2B35 /* AppDelegate.swift in Sources */ = {isa = PBXBuildFile; fileRef = 1AC740AE25BE842F00CD2B35 /* AppDelegate.swift */; };
		1AC740B125BE842F00CD2B35 /* SceneDelegate.swift in Sources */ = {isa = PBXBuildFile; fileRef = 1AC740B025BE842F00CD2B35 /* SceneDelegate.swift */; };
		1AC740B325BE842F00CD2B35 /* ContentView.swift in Sources */ = {isa = PBXBuildFile; fileRef = 1AC740B225BE842F00CD2B35 /* ContentView.swift */; };
		1AC740B525BE843200CD2B35 /* Assets.xcassets in Resources */ = {isa = PBXBuildFile; fileRef = 1AC740B425BE843200CD2B35 /* Assets.xcassets */; };
		1AC740B825BE843200CD2B35 /* Preview Assets.xcassets in Resources */ = {isa = PBXBuildFile; fileRef = 1AC740B725BE843200CD2B35 /* Preview Assets.xcassets */; };
		1AC740BB25BE843200CD2B35 /* LaunchScreen.storyboard in Resources */ = {isa = PBXBuildFile; fileRef = 1AC740B925BE843200CD2B35 /* LaunchScreen.storyboard */; };
		1AC740C625BE843200CD2B35 /* H4XOR_NewsTests.swift in Sources */ = {isa = PBXBuildFile; fileRef = 1AC740C525BE843200CD2B35 /* H4XOR_NewsTests.swift */; };
		1AC740D125BE843200CD2B35 /* H4XOR_NewsUITests.swift in Sources */ = {isa = PBXBuildFile; fileRef = 1AC740D025BE843200CD2B35 /* H4XOR_NewsUITests.swift */; };
		1AC740E325BE86CC00CD2B35 /* NetworkManager.swift in Sources */ = {isa = PBXBuildFile; fileRef = 1AC740E225BE86CC00CD2B35 /* NetworkManager.swift */; };
		1AC740EB25BE89E900CD2B35 /* PostData.swift in Sources */ = {isa = PBXBuildFile; fileRef = 1AC740EA25BE89E900CD2B35 /* PostData.swift */; };
		1AC740F125BE8F9000CD2B35 /* DetailView.swift in Sources */ = {isa = PBXBuildFile; fileRef = 1AC740F025BE8F9000CD2B35 /* DetailView.swift */; };
		1AC740F925BE921A00CD2B35 /* WebView.swift in Sources */ = {isa = PBXBuildFile; fileRef = 1AC740F825BE921A00CD2B35 /* WebView.swift */; };
/* End PBXBuildFile section */

/* Begin PBXContainerItemProxy section */
		1AC740C225BE843200CD2B35 /* PBXContainerItemProxy */ = {
			isa = PBXContainerItemProxy;
			containerPortal = 1AC740A325BE842F00CD2B35 /* Project object */;
			proxyType = 1;
			remoteGlobalIDString = 1AC740AA25BE842F00CD2B35;
			remoteInfo = "H4XOR News";
		};
		1AC740CD25BE843200CD2B35 /* PBXContainerItemProxy */ = {
			isa = PBXContainerItemProxy;
			containerPortal = 1AC740A325BE842F00CD2B35 /* Project object */;
			proxyType = 1;
			remoteGlobalIDString = 1AC740AA25BE842F00CD2B35;
			remoteInfo = "H4XOR News";
		};
/* End PBXContainerItemProxy section */

/* Begin PBXFileReference section */
		1AC740AB25BE842F00CD2B35 /* H4XOR News.app */ = {isa = PBXFileReference; explicitFileType = wrapper.application; includeInIndex = 0; path = "H4XOR News.app"; sourceTree = BUILT_PRODUCTS_DIR; };
		1AC740AE25BE842F00CD2B35 /* AppDelegate.swift */ = {isa = PBXFileReference; lastKnownFileType = sourcecode.swift; path = AppDelegate.swift; sourceTree = "<group>"; };
		1AC740B025BE842F00CD2B35 /* SceneDelegate.swift */ = {isa = PBXFileReference; lastKnownFileType = sourcecode.swift; path = SceneDelegate.swift; sourceTree = "<group>"; };
		1AC740B225BE842F00CD2B35 /* ContentView.swift */ = {isa = PBXFileReference; lastKnownFileType = sourcecode.swift; path = ContentView.swift; sourceTree = "<group>"; };
		1AC740B425BE843200CD2B35 /* Assets.xcassets */ = {isa = PBXFileReference; lastKnownFileType = folder.assetcatalog; path = Assets.xcassets; sourceTree = "<group>"; };
		1AC740B725BE843200CD2B35 /* Preview Assets.xcassets */ = {isa = PBXFileReference; lastKnownFileType = folder.assetcatalog; path = "Preview Assets.xcassets"; sourceTree = "<group>"; };
		1AC740BA25BE843200CD2B35 /* Base */ = {isa = PBXFileReference; lastKnownFileType = file.storyboard; name = Base; path = Base.lproj/LaunchScreen.storyboard; sourceTree = "<group>"; };
		1AC740BC25BE843200CD2B35 /* Info.plist */ = {isa = PBXFileReference; lastKnownFileType = text.plist.xml; path = Info.plist; sourceTree = "<group>"; };
		1AC740C125BE843200CD2B35 /* H4XOR NewsTests.xctest */ = {isa = PBXFileReference; explicitFileType = wrapper.cfbundle; includeInIndex = 0; path = "H4XOR NewsTests.xctest"; sourceTree = BUILT_PRODUCTS_DIR; };
		1AC740C525BE843200CD2B35 /* H4XOR_NewsTests.swift */ = {isa = PBXFileReference; lastKnownFileType = sourcecode.swift; path = H4XOR_NewsTests.swift; sourceTree = "<group>"; };
		1AC740C725BE843200CD2B35 /* Info.plist */ = {isa = PBXFileReference; lastKnownFileType = text.plist.xml; path = Info.plist; sourceTree = "<group>"; };
		1AC740CC25BE843200CD2B35 /* H4XOR NewsUITests.xctest */ = {isa = PBXFileReference; explicitFileType = wrapper.cfbundle; includeInIndex = 0; path = "H4XOR NewsUITests.xctest"; sourceTree = BUILT_PRODUCTS_DIR; };
		1AC740D025BE843200CD2B35 /* H4XOR_NewsUITests.swift */ = {isa = PBXFileReference; lastKnownFileType = sourcecode.swift; path = H4XOR_NewsUITests.swift; sourceTree = "<group>"; };
		1AC740D225BE843200CD2B35 /* Info.plist */ = {isa = PBXFileReference; lastKnownFileType = text.plist.xml; path = Info.plist; sourceTree = "<group>"; };
		1AC740E225BE86CC00CD2B35 /* NetworkManager.swift */ = {isa = PBXFileReference; lastKnownFileType = sourcecode.swift; path = NetworkManager.swift; sourceTree = "<group>"; };
		1AC740EA25BE89E900CD2B35 /* PostData.swift */ = {isa = PBXFileReference; lastKnownFileType = sourcecode.swift; path = PostData.swift; sourceTree = "<group>"; };
		1AC740F025BE8F9000CD2B35 /* DetailView.swift */ = {isa = PBXFileReference; lastKnownFileType = sourcecode.swift; path = DetailView.swift; sourceTree = "<group>"; };
		1AC740F825BE921A00CD2B35 /* WebView.swift */ = {isa = PBXFileReference; lastKnownFileType = sourcecode.swift; path = WebView.swift; sourceTree = "<group>"; };
		1AC740FD25BE939500CD2B35 /* H4XOR News.entitlements */ = {isa = PBXFileReference; lastKnownFileType = text.plist.entitlements; path = "H4XOR News.entitlements"; sourceTree = "<group>"; };
/* End PBXFileReference section */

/* Begin PBXFrameworksBuildPhase section */
		1AC740A825BE842F00CD2B35 /* Frameworks */ = {
			isa = PBXFrameworksBuildPhase;
			buildActionMask = 2147483647;
			files = (
			);
			runOnlyForDeploymentPostprocessing = 0;
		};
		1AC740BE25BE843200CD2B35 /* Frameworks */ = {
			isa = PBXFrameworksBuildPhase;
			buildActionMask = 2147483647;
			files = (
			);
			runOnlyForDeploymentPostprocessing = 0;
		};
		1AC740C925BE843200CD2B35 /* Frameworks */ = {
			isa = PBXFrameworksBuildPhase;
			buildActionMask = 2147483647;
			files = (
			);
			runOnlyForDeploymentPostprocessing = 0;
		};
/* End PBXFrameworksBuildPhase section */

/* Begin PBXGroup section */
		1AC740A225BE842F00CD2B35 = {
			isa = PBXGroup;
			children = (
				1AC740AD25BE842F00CD2B35 /* H4XOR News */,
				1AC740C425BE843200CD2B35 /* H4XOR NewsTests */,
				1AC740CF25BE843200CD2B35 /* H4XOR NewsUITests */,
				1AC740AC25BE842F00CD2B35 /* Products */,
			);
			sourceTree = "<group>";
		};
		1AC740AC25BE842F00CD2B35 /* Products */ = {
			isa = PBXGroup;
			children = (
				1AC740AB25BE842F00CD2B35 /* H4XOR News.app */,
				1AC740C125BE843200CD2B35 /* H4XOR NewsTests.xctest */,
				1AC740CC25BE843200CD2B35 /* H4XOR NewsUITests.xctest */,
			);
			name = Products;
			sourceTree = "<group>";
		};
		1AC740AD25BE842F00CD2B35 /* H4XOR News */ = {
			isa = PBXGroup;
			children = (
				1AC740FD25BE939500CD2B35 /* H4XOR News.entitlements */,
				1AC740E125BE86B400CD2B35 /* Models */,
				1AC740AE25BE842F00CD2B35 /* AppDelegate.swift */,
				1AC740B025BE842F00CD2B35 /* SceneDelegate.swift */,
				1AC740EF25BE8F6900CD2B35 /* Views */,
				1AC740B425BE843200CD2B35 /* Assets.xcassets */,
				1AC740B925BE843200CD2B35 /* LaunchScreen.storyboard */,
				1AC740BC25BE843200CD2B35 /* Info.plist */,
				1AC740B625BE843200CD2B35 /* Preview Content */,
			);
			path = "H4XOR News";
			sourceTree = "<group>";
		};
		1AC740B625BE843200CD2B35 /* Preview Content */ = {
			isa = PBXGroup;
			children = (
				1AC740B725BE843200CD2B35 /* Preview Assets.xcassets */,
			);
			path = "Preview Content";
			sourceTree = "<group>";
		};
		1AC740C425BE843200CD2B35 /* H4XOR NewsTests */ = {
			isa = PBXGroup;
			children = (
				1AC740C525BE843200CD2B35 /* H4XOR_NewsTests.swift */,
				1AC740C725BE843200CD2B35 /* Info.plist */,
			);
			path = "H4XOR NewsTests";
			sourceTree = "<group>";
		};
		1AC740CF25BE843200CD2B35 /* H4XOR NewsUITests */ = {
			isa = PBXGroup;
			children = (
				1AC740D025BE843200CD2B35 /* H4XOR_NewsUITests.swift */,
				1AC740D225BE843200CD2B35 /* Info.plist */,
			);
			path = "H4XOR NewsUITests";
			sourceTree = "<group>";
		};
		1AC740E125BE86B400CD2B35 /* Models */ = {
			isa = PBXGroup;
			children = (
				1AC740E225BE86CC00CD2B35 /* NetworkManager.swift */,
				1AC740EA25BE89E900CD2B35 /* PostData.swift */,
			);
			path = Models;
			sourceTree = "<group>";
		};
		1AC740EF25BE8F6900CD2B35 /* Views */ = {
			isa = PBXGroup;
			children = (
				1AC740B225BE842F00CD2B35 /* ContentView.swift */,
				1AC740F025BE8F9000CD2B35 /* DetailView.swift */,
				1AC740F825BE921A00CD2B35 /* WebView.swift */,
			);
			path = Views;
			sourceTree = "<group>";
		};
/* End PBXGroup section */

/* Begin PBXNativeTarget section */
		1AC740AA25BE842F00CD2B35 /* H4XOR News */ = {
			isa = PBXNativeTarget;
			buildConfigurationList = 1AC740D525BE843200CD2B35 /* Build configuration list for PBXNativeTarget "H4XOR News" */;
			buildPhases = (
				1AC740A725BE842F00CD2B35 /* Sources */,
				1AC740A825BE842F00CD2B35 /* Frameworks */,
				1AC740A925BE842F00CD2B35 /* Resources */,
			);
			buildRules = (
			);
			dependencies = (
			);
			name = "H4XOR News";
			productName = "H4XOR News";
			productReference = 1AC740AB25BE842F00CD2B35 /* H4XOR News.app */;
			productType = "com.apple.product-type.application";
		};
		1AC740C025BE843200CD2B35 /* H4XOR NewsTests */ = {
			isa = PBXNativeTarget;
			buildConfigurationList = 1AC740D825BE843200CD2B35 /* Build configuration list for PBXNativeTarget "H4XOR NewsTests" */;
			buildPhases = (
				1AC740BD25BE843200CD2B35 /* Sources */,
				1AC740BE25BE843200CD2B35 /* Frameworks */,
				1AC740BF25BE843200CD2B35 /* Resources */,
			);
			buildRules = (
			);
			dependencies = (
				1AC740C325BE843200CD2B35 /* PBXTargetDependency */,
			);
			name = "H4XOR NewsTests";
			productName = "H4XOR NewsTests";
			productReference = 1AC740C125BE843200CD2B35 /* H4XOR NewsTests.xctest */;
			productType = "com.apple.product-type.bundle.unit-test";
		};
		1AC740CB25BE843200CD2B35 /* H4XOR NewsUITests */ = {
			isa = PBXNativeTarget;
			buildConfigurationList = 1AC740DB25BE843200CD2B35 /* Build configuration list for PBXNativeTarget "H4XOR NewsUITests" */;
			buildPhases = (
				1AC740C825BE843200CD2B35 /* Sources */,
				1AC740C925BE843200CD2B35 /* Frameworks */,
				1AC740CA25BE843200CD2B35 /* Resources */,
			);
			buildRules = (
			);
			dependencies = (
				1AC740CE25BE843200CD2B35 /* PBXTargetDependency */,
			);
			name = "H4XOR NewsUITests";
			productName = "H4XOR NewsUITests";
			productReference = 1AC740CC25BE843200CD2B35 /* H4XOR NewsUITests.xctest */;
			productType = "com.apple.product-type.bundle.ui-testing";
		};
/* End PBXNativeTarget section */

/* Begin PBXProject section */
		1AC740A325BE842F00CD2B35 /* Project object */ = {
			isa = PBXProject;
			attributes = {
				LastSwiftUpdateCheck = 1230;
				LastUpgradeCheck = 1230;
				TargetAttributes = {
					1AC740AA25BE842F00CD2B35 = {
						CreatedOnToolsVersion = 12.3;
					};
					1AC740C025BE843200CD2B35 = {
						CreatedOnToolsVersion = 12.3;
						TestTargetID = 1AC740AA25BE842F00CD2B35;
					};
					1AC740CB25BE843200CD2B35 = {
						CreatedOnToolsVersion = 12.3;
						TestTargetID = 1AC740AA25BE842F00CD2B35;
					};
				};
			};
			buildConfigurationList = 1AC740A625BE842F00CD2B35 /* Build configuration list for PBXProject "H4XOR News" */;
			compatibilityVersion = "Xcode 9.3";
			developmentRegion = en;
			hasScannedForEncodings = 0;
			knownRegions = (
				en,
				Base,
			);
			mainGroup = 1AC740A225BE842F00CD2B35;
			productRefGroup = 1AC740AC25BE842F00CD2B35 /* Products */;
			projectDirPath = "";
			projectRoot = "";
			targets = (
				1AC740AA25BE842F00CD2B35 /* H4XOR News */,
				1AC740C025BE843200CD2B35 /* H4XOR NewsTests */,
				1AC740CB25BE843200CD2B35 /* H4XOR NewsUITests */,
			);
		};
/* End PBXProject section */

/* Begin PBXResourcesBuildPhase section */
		1AC740A925BE842F00CD2B35 /* Resources */ = {
			isa = PBXResourcesBuildPhase;
			buildActionMask = 2147483647;
			files = (
				1AC740BB25BE843200CD2B35 /* LaunchScreen.storyboard in Resources */,
				1AC740B825BE843200CD2B35 /* Preview Assets.xcassets in Resources */,
				1AC740B525BE843200CD2B35 /* Assets.xcassets in Resources */,
			);
			runOnlyForDeploymentPostprocessing = 0;
		};
		1AC740BF25BE843200CD2B35 /* Resources */ = {
			isa = PBXResourcesBuildPhase;
			buildActionMask = 2147483647;
			files = (
			);
			runOnlyForDeploymentPostprocessing = 0;
		};
		1AC740CA25BE843200CD2B35 /* Resources */ = {
			isa = PBXResourcesBuildPhase;
			buildActionMask = 2147483647;
			files = (
			);
			runOnlyForDeploymentPostprocessing = 0;
		};
/* End PBXResourcesBuildPhase section */

/* Begin PBXSourcesBuildPhase section */
		1AC740A725BE842F00CD2B35 /* Sources */ = {
			isa = PBXSourcesBuildPhase;
			buildActionMask = 2147483647;
			files = (
				1AC740EB25BE89E900CD2B35 /* PostData.swift in Sources */,
				1AC740F125BE8F9000CD2B35 /* DetailView.swift in Sources */,
				1AC740E325BE86CC00CD2B35 /* NetworkManager.swift in Sources */,
				1AC740AF25BE842F00CD2B35 /* AppDelegate.swift in Sources */,
				1AC740B125BE842F00CD2B35 /* SceneDelegate.swift in Sources */,
				1AC740B325BE842F00CD2B35 /* ContentView.swift in Sources */,
				1AC740F925BE921A00CD2B35 /* WebView.swift in Sources */,
			);
			runOnlyForDeploymentPostprocessing = 0;
		};
		1AC740BD25BE843200CD2B35 /* Sources */ = {
			isa = PBXSourcesBuildPhase;
			buildActionMask = 2147483647;
			files = (
				1AC740C625BE843200CD2B35 /* H4XOR_NewsTests.swift in Sources */,
			);
			runOnlyForDeploymentPostprocessing = 0;
		};
		1AC740C825BE843200CD2B35 /* Sources */ = {
			isa = PBXSourcesBuildPhase;
			buildActionMask = 2147483647;
			files = (
				1AC740D125BE843200CD2B35 /* H4XOR_NewsUITests.swift in Sources */,
			);
			runOnlyForDeploymentPostprocessing = 0;
		};
/* End PBXSourcesBuildPhase section */

/* Begin PBXTargetDependency section */
		1AC740C325BE843200CD2B35 /* PBXTargetDependency */ = {
			isa = PBXTargetDependency;
			target = 1AC740AA25BE842F00CD2B35 /* H4XOR News */;
			targetProxy = 1AC740C225BE843200CD2B35 /* PBXContainerItemProxy */;
		};
		1AC740CE25BE843200CD2B35 /* PBXTargetDependency */ = {
			isa = PBXTargetDependency;
			target = 1AC740AA25BE842F00CD2B35 /* H4XOR News */;
			targetProxy = 1AC740CD25BE843200CD2B35 /* PBXContainerItemProxy */;
		};
/* End PBXTargetDependency section */

/* Begin PBXVariantGroup section */
		1AC740B925BE843200CD2B35 /* LaunchScreen.storyboard */ = {
			isa = PBXVariantGroup;
			children = (
				1AC740BA25BE843200CD2B35 /* Base */,
			);
			name = LaunchScreen.storyboard;
			sourceTree = "<group>";
		};
/* End PBXVariantGroup section */

/* Begin XCBuildConfiguration section */
		1AC740D325BE843200CD2B35 /* Debug */ = {
			isa = XCBuildConfiguration;
			buildSettings = {
				ALWAYS_SEARCH_USER_PATHS = NO;
				CLANG_ANALYZER_NONNULL = YES;
				CLANG_ANALYZER_NUMBER_OBJECT_CONVERSION = YES_AGGRESSIVE;
				CLANG_CXX_LANGUAGE_STANDARD = "gnu++14";
				CLANG_CXX_LIBRARY = "libc++";
				CLANG_ENABLE_MODULES = YES;
				CLANG_ENABLE_OBJC_ARC = YES;
				CLANG_ENABLE_OBJC_WEAK = YES;
				CLANG_WARN_BLOCK_CAPTURE_AUTORELEASING = YES;
				CLANG_WARN_BOOL_CONVERSION = YES;
				CLANG_WARN_COMMA = YES;
				CLANG_WARN_CONSTANT_CONVERSION = YES;
				CLANG_WARN_DEPRECATED_OBJC_IMPLEMENTATIONS = YES;
				CLANG_WARN_DIRECT_OBJC_ISA_USAGE = YES_ERROR;
				CLANG_WARN_DOCUMENTATION_COMMENTS = YES;
				CLANG_WARN_EMPTY_BODY = YES;
				CLANG_WARN_ENUM_CONVERSION = YES;
				CLANG_WARN_INFINITE_RECURSION = YES;
				CLANG_WARN_INT_CONVERSION = YES;
				CLANG_WARN_NON_LITERAL_NULL_CONVERSION = YES;
				CLANG_WARN_OBJC_IMPLICIT_RETAIN_SELF = YES;
				CLANG_WARN_OBJC_LITERAL_CONVERSION = YES;
				CLANG_WARN_OBJC_ROOT_CLASS = YES_ERROR;
				CLANG_WARN_QUOTED_INCLUDE_IN_FRAMEWORK_HEADER = YES;
				CLANG_WARN_RANGE_LOOP_ANALYSIS = YES;
				CLANG_WARN_STRICT_PROTOTYPES = YES;
				CLANG_WARN_SUSPICIOUS_MOVE = YES;
				CLANG_WARN_UNGUARDED_AVAILABILITY = YES_AGGRESSIVE;
				CLANG_WARN_UNREACHABLE_CODE = YES;
				CLANG_WARN__DUPLICATE_METHOD_MATCH = YES;
				COPY_PHASE_STRIP = NO;
				DEBUG_INFORMATION_FORMAT = dwarf;
				ENABLE_STRICT_OBJC_MSGSEND = YES;
				ENABLE_TESTABILITY = YES;
				GCC_C_LANGUAGE_STANDARD = gnu11;
				GCC_DYNAMIC_NO_PIC = NO;
				GCC_NO_COMMON_BLOCKS = YES;
				GCC_OPTIMIZATION_LEVEL = 0;
				GCC_PREPROCESSOR_DEFINITIONS = (
					"DEBUG=1",
					"$(inherited)",
				);
				GCC_WARN_64_TO_32_BIT_CONVERSION = YES;
				GCC_WARN_ABOUT_RETURN_TYPE = YES_ERROR;
				GCC_WARN_UNDECLARED_SELECTOR = YES;
				GCC_WARN_UNINITIALIZED_AUTOS = YES_AGGRESSIVE;
				GCC_WARN_UNUSED_FUNCTION = YES;
				GCC_WARN_UNUSED_VARIABLE = YES;
				IPHONEOS_DEPLOYMENT_TARGET = 14.3;
				MTL_ENABLE_DEBUG_INFO = INCLUDE_SOURCE;
				MTL_FAST_MATH = YES;
				ONLY_ACTIVE_ARCH = YES;
				SDKROOT = iphoneos;
				SWIFT_ACTIVE_COMPILATION_CONDITIONS = DEBUG;
				SWIFT_OPTIMIZATION_LEVEL = "-Onone";
			};
			name = Debug;
		};
		1AC740D425BE843200CD2B35 /* Release */ = {
			isa = XCBuildConfiguration;
			buildSettings = {
				ALWAYS_SEARCH_USER_PATHS = NO;
				CLANG_ANALYZER_NONNULL = YES;
				CLANG_ANALYZER_NUMBER_OBJECT_CONVERSION = YES_AGGRESSIVE;
				CLANG_CXX_LANGUAGE_STANDARD = "gnu++14";
				CLANG_CXX_LIBRARY = "libc++";
				CLANG_ENABLE_MODULES = YES;
				CLANG_ENABLE_OBJC_ARC = YES;
				CLANG_ENABLE_OBJC_WEAK = YES;
				CLANG_WARN_BLOCK_CAPTURE_AUTORELEASING = YES;
				CLANG_WARN_BOOL_CONVERSION = YES;
				CLANG_WARN_COMMA = YES;
				CLANG_WARN_CONSTANT_CONVERSION = YES;
				CLANG_WARN_DEPRECATED_OBJC_IMPLEMENTATIONS = YES;
				CLANG_WARN_DIRECT_OBJC_ISA_USAGE = YES_ERROR;
				CLANG_WARN_DOCUMENTATION_COMMENTS = YES;
				CLANG_WARN_EMPTY_BODY = YES;
				CLANG_WARN_ENUM_CONVERSION = YES;
				CLANG_WARN_INFINITE_RECURSION = YES;
				CLANG_WARN_INT_CONVERSION = YES;
				CLANG_WARN_NON_LITERAL_NULL_CONVERSION = YES;
				CLANG_WARN_OBJC_IMPLICIT_RETAIN_SELF = YES;
				CLANG_WARN_OBJC_LITERAL_CONVERSION = YES;
				CLANG_WARN_OBJC_ROOT_CLASS = YES_ERROR;
				CLANG_WARN_QUOTED_INCLUDE_IN_FRAMEWORK_HEADER = YES;
				CLANG_WARN_RANGE_LOOP_ANALYSIS = YES;
				CLANG_WARN_STRICT_PROTOTYPES = YES;
				CLANG_WARN_SUSPICIOUS_MOVE = YES;
				CLANG_WARN_UNGUARDED_AVAILABILITY = YES_AGGRESSIVE;
				CLANG_WARN_UNREACHABLE_CODE = YES;
				CLANG_WARN__DUPLICATE_METHOD_MATCH = YES;
				COPY_PHASE_STRIP = NO;
				DEBUG_INFORMATION_FORMAT = "dwarf-with-dsym";
				ENABLE_NS_ASSERTIONS = NO;
				ENABLE_STRICT_OBJC_MSGSEND = YES;
				GCC_C_LANGUAGE_STANDARD = gnu11;
				GCC_NO_COMMON_BLOCKS = YES;
				GCC_WARN_64_TO_32_BIT_CONVERSION = YES;
				GCC_WARN_ABOUT_RETURN_TYPE = YES_ERROR;
				GCC_WARN_UNDECLARED_SELECTOR = YES;
				GCC_WARN_UNINITIALIZED_AUTOS = YES_AGGRESSIVE;
				GCC_WARN_UNUSED_FUNCTION = YES;
				GCC_WARN_UNUSED_VARIABLE = YES;
				IPHONEOS_DEPLOYMENT_TARGET = 14.3;
				MTL_ENABLE_DEBUG_INFO = NO;
				MTL_FAST_MATH = YES;
				SDKROOT = iphoneos;
				SWIFT_COMPILATION_MODE = wholemodule;
				SWIFT_OPTIMIZATION_LEVEL = "-O";
				VALIDATE_PRODUCT = YES;
			};
			name = Release;
		};
		1AC740D625BE843200CD2B35 /* Debug */ = {
			isa = XCBuildConfiguration;
			buildSettings = {
				ASSETCATALOG_COMPILER_APPICON_NAME = AppIcon;
				ASSETCATALOG_COMPILER_GLOBAL_ACCENT_COLOR_NAME = AccentColor;
				CODE_SIGN_ENTITLEMENTS = "H4XOR News/H4XOR News.entitlements";
				"CODE_SIGN_IDENTITY[sdk=macosx*]" = "Apple Development";
				CODE_SIGN_STYLE = Automatic;
				DEVELOPMENT_ASSET_PATHS = "\"H4XOR News/Preview Content\"";
				DEVELOPMENT_TEAM = 8L5GQUP5L4;
				ENABLE_PREVIEWS = YES;
				INFOPLIST_FILE = "H4XOR News/Info.plist";
				LD_RUNPATH_SEARCH_PATHS = (
					"$(inherited)",
					"@executable_path/Frameworks",
				);
				PRODUCT_BUNDLE_IDENTIFIER = "com.yurim.H4XOR-News";
				PRODUCT_NAME = "$(TARGET_NAME)";
				SUPPORTS_MACCATALYST = YES;
				SWIFT_VERSION = 5.0;
				TARGETED_DEVICE_FAMILY = "1,2";
			};
			name = Debug;
		};
		1AC740D725BE843200CD2B35 /* Release */ = {
			isa = XCBuildConfiguration;
			buildSettings = {
				ASSETCATALOG_COMPILER_APPICON_NAME = AppIcon;
				ASSETCATALOG_COMPILER_GLOBAL_ACCENT_COLOR_NAME = AccentColor;
				CODE_SIGN_ENTITLEMENTS = "H4XOR News/H4XOR News.entitlements";
				"CODE_SIGN_IDENTITY[sdk=macosx*]" = "Apple Development";
				CODE_SIGN_STYLE = Automatic;
				DEVELOPMENT_ASSET_PATHS = "\"H4XOR News/Preview Content\"";
				DEVELOPMENT_TEAM = 8L5GQUP5L4;
				ENABLE_PREVIEWS = YES;
				INFOPLIST_FILE = "H4XOR News/Info.plist";
				LD_RUNPATH_SEARCH_PATHS = (
					"$(inherited)",
					"@executable_path/Frameworks",
				);
				PRODUCT_BUNDLE_IDENTIFIER = "com.yurim.H4XOR-News";
				PRODUCT_NAME = "$(TARGET_NAME)";
				SUPPORTS_MACCATALYST = YES;
				SWIFT_VERSION = 5.0;
				TARGETED_DEVICE_FAMILY = "1,2";
			};
			name = Release;
		};
		1AC740D925BE843200CD2B35 /* Debug */ = {
			isa = XCBuildConfiguration;
			buildSettings = {
				ALWAYS_EMBED_SWIFT_STANDARD_LIBRARIES = YES;
				BUNDLE_LOADER = "$(TEST_HOST)";
				CODE_SIGN_STYLE = Automatic;
				INFOPLIST_FILE = "H4XOR NewsTests/Info.plist";
				IPHONEOS_DEPLOYMENT_TARGET = 14.3;
				LD_RUNPATH_SEARCH_PATHS = (
					"$(inherited)",
					"@executable_path/Frameworks",
					"@loader_path/Frameworks",
				);
				PRODUCT_BUNDLE_IDENTIFIER = "com.yurim.H4XOR-NewsTests";
				PRODUCT_NAME = "$(TARGET_NAME)";
				SWIFT_VERSION = 5.0;
				TARGETED_DEVICE_FAMILY = "1,2";
				TEST_HOST = "$(BUILT_PRODUCTS_DIR)/H4XOR News.app/H4XOR News";
			};
			name = Debug;
		};
		1AC740DA25BE843200CD2B35 /* Release */ = {
			isa = XCBuildConfiguration;
			buildSettings = {
				ALWAYS_EMBED_SWIFT_STANDARD_LIBRARIES = YES;
				BUNDLE_LOADER = "$(TEST_HOST)";
				CODE_SIGN_STYLE = Automatic;
				INFOPLIST_FILE = "H4XOR NewsTests/Info.plist";
				IPHONEOS_DEPLOYMENT_TARGET = 14.3;
				LD_RUNPATH_SEARCH_PATHS = (
					"$(inherited)",
					"@executable_path/Frameworks",
					"@loader_path/Frameworks",
				);
				PRODUCT_BUNDLE_IDENTIFIER = "com.yurim.H4XOR-NewsTests";
				PRODUCT_NAME = "$(TARGET_NAME)";
				SWIFT_VERSION = 5.0;
				TARGETED_DEVICE_FAMILY = "1,2";
				TEST_HOST = "$(BUILT_PRODUCTS_DIR)/H4XOR News.app/H4XOR News";
			};
			name = Release;
		};
		1AC740DC25BE843200CD2B35 /* Debug */ = {
			isa = XCBuildConfiguration;
			buildSettings = {
				ALWAYS_EMBED_SWIFT_STANDARD_LIBRARIES = YES;
				CODE_SIGN_STYLE = Automatic;
				INFOPLIST_FILE = "H4XOR NewsUITests/Info.plist";
				LD_RUNPATH_SEARCH_PATHS = (
					"$(inherited)",
					"@executable_path/Frameworks",
					"@loader_path/Frameworks",
				);
				PRODUCT_BUNDLE_IDENTIFIER = "com.yurim.H4XOR-NewsUITests";
				PRODUCT_NAME = "$(TARGET_NAME)";
				SWIFT_VERSION = 5.0;
				TARGETED_DEVICE_FAMILY = "1,2";
				TEST_TARGET_NAME = "H4XOR News";
			};
			name = Debug;
		};
		1AC740DD25BE843200CD2B35 /* Release */ = {
			isa = XCBuildConfiguration;
			buildSettings = {
				ALWAYS_EMBED_SWIFT_STANDARD_LIBRARIES = YES;
				CODE_SIGN_STYLE = Automatic;
				INFOPLIST_FILE = "H4XOR NewsUITests/Info.plist";
				LD_RUNPATH_SEARCH_PATHS = (
					"$(inherited)",
					"@executable_path/Frameworks",
					"@loader_path/Frameworks",
				);
				PRODUCT_BUNDLE_IDENTIFIER = "com.yurim.H4XOR-NewsUITests";
				PRODUCT_NAME = "$(TARGET_NAME)";
				SWIFT_VERSION = 5.0;
				TARGETED_DEVICE_FAMILY = "1,2";
				TEST_TARGET_NAME = "H4XOR News";
			};
			name = Release;
		};
/* End XCBuildConfiguration section */

/* Begin XCConfigurationList section */
		1AC740A625BE842F00CD2B35 /* Build configuration list for PBXProject "H4XOR News" */ = {
			isa = XCConfigurationList;
			buildConfigurations = (
				1AC740D325BE843200CD2B35 /* Debug */,
				1AC740D425BE843200CD2B35 /* Release */,
			);
			defaultConfigurationIsVisible = 0;
			defaultConfigurationName = Release;
		};
		1AC740D525BE843200CD2B35 /* Build configuration list for PBXNativeTarget "H4XOR News" */ = {
			isa = XCConfigurationList;
			buildConfigurations = (
				1AC740D625BE843200CD2B35 /* Debug */,
				1AC740D725BE843200CD2B35 /* Release */,
			);
			defaultConfigurationIsVisible = 0;
			defaultConfigurationName = Release;
		};
		1AC740D825BE843200CD2B35 /* Build configuration list for PBXNativeTarget "H4XOR NewsTests" */ = {
			isa = XCConfigurationList;
			buildConfigurations = (
				1AC740D925BE843200CD2B35 /* Debug */,
				1AC740DA25BE843200CD2B35 /* Release */,
			);
			defaultConfigurationIsVisible = 0;
			defaultConfigurationName = Release;
		};
		1AC740DB25BE843200CD2B35 /* Build configuration list for PBXNativeTarget "H4XOR NewsUITests" */ = {
			isa = XCConfigurationList;
			buildConfigurations = (
				1AC740DC25BE843200CD2B35 /* Debug */,
				1AC740DD25BE843200CD2B35 /* Release */,
			);
			defaultConfigurationIsVisible = 0;
			defaultConfigurationName = Release;
		};
/* End XCConfigurationList section */
	};
	rootObject = 1AC740A325BE842F00CD2B35 /* Project object */;
}
